# This file is automatically @generated by Cargo.
# It is not intended for manual editing.
version = 4

[[package]]
name = "pointblitz-bench"
version = "0.0.0"
dependencies = [
 "pointblitz-io",
]

[[package]]
name = "pointblitz-core"
version = "0.0.0"
dependencies = [
 "pointblitz-io",
]

[[package]]
name = "pointblitz-io"
version = "0.0.0"

[[package]]
name = "pointblitz-native"
version = "0.0.0"
dependencies = [
 "pointblitz-core",
]

[[package]]
name = "pointblitz-server"
version = "0.0.0"
dependencies = [
 "pointblitz-core",
]

[[package]]
name = "pointblitz-web"
version = "0.0.0"
dependencies = [
 "pointblitz-core",
]
